
Microsoft Visual Studio Solution File, Format Version 12.00
# Visual Studio Version 17
VisualStudioVersion = 17.7.34031.279
MinimumVisualStudioVersion = 10.0.40219.1
Project("{9A19103F-16F7-4668-BE54-9A1E7A4F7556}") = "BackgroundServices", "BackgroundServices\BackgroundServices.csproj", "{84688787-A967-46A3-A6DD-E9DC94C977F1}"
EndProject
Project("{FAE04EC0-301F-11D3-BF4B-00C04F79EFBC}") = "BackgroundService.Implementation", "BackgroundService.Implementation\BackgroundService.Implementation.csproj", "{5F7F08C3-C824-43CE-ADC9-C4FFE09DB4B8}"
EndProject
Global
	GlobalSection(SolutionConfigurationPlatforms) = preSolution
		Debug|Any CPU = Debug|Any CPU
		Release|Any CPU = Release|Any CPU
	EndGlobalSection
	GlobalSection(ProjectConfigurationPlatforms) = postSolution
		{84688787-A967-46A3-A6DD-E9DC94C977F1}.Debug|Any CPU.ActiveCfg = Debug|Any CPU
		{84688787-A967-46A3-A6DD-E9DC94C977F1}.Debug|Any CPU.Build.0 = Debug|Any CPU
		{84688787-A967-46A3-A6DD-E9DC94C977F1}.Release|Any CPU.ActiveCfg = Release|Any CPU
		{84688787-A967-46A3-A6DD-E9DC94C977F1}.Release|Any CPU.Build.0 = Release|Any CPU
		{5F7F08C3-C824-43CE-ADC9-C4FFE09DB4B8}.Debug|Any CPU.ActiveCfg = Debug|Any CPU
		{5F7F08C3-C824-43CE-ADC9-C4FFE09DB4B8}.Debug|Any CPU.Build.0 = Debug|Any CPU
		{5F7F08C3-C824-43CE-ADC9-C4FFE09DB4B8}.Release|Any CPU.ActiveCfg = Release|Any CPU
		{5F7F08C3-C824-43CE-ADC9-C4FFE09DB4B8}.Release|Any CPU.Build.0 = Release|Any CPU
	EndGlobalSection
	GlobalSection(SolutionProperties) = preSolution
		HideSolutionNode = FALSE
	EndGlobalSection
	GlobalSection(ExtensibilityGlobals) = postSolution
		SolutionGuid = {189B7B82-D6EA-4781-A69E-DB2B878B65A1}
	EndGlobalSection
EndGlobal
